
Microsoft Visual Studio Solution File, Format Version 10.00
# Visual Studio 2008
Project("{E24C65DC-7377-472B-9ABA-BC803B73C61A}") = "NoughtsAndCrossesSite", "NoughtsAndCrossesSite\", "{92844902-259F-4BBB-8842-ECA58B490D20}"
	ProjectSection(WebsiteProperties) = preProject
		TargetFramework = "3.5"
		ProjOutputReferences = "{2292bf95-52d4-4e19-95f5-97041b706821}|ClientBin|false;"
	EndProjectSection
EndProject
Project("{FAE04EC0-301F-11D3-BF4B-00C04F79EFBC}") = "NoughtsAndCrosses", "NoughtsAndCrosses\NoughtsAndCrosses.csproj", "{2292BF95-52D4-4E19-95F5-97041B706821}"
EndProject
Global
	GlobalSection(SolutionConfigurationPlatforms) = preSolution
		Debug|Any CPU = Debug|Any CPU
		Release|Any CPU = Release|Any CPU
	EndGlobalSection
	GlobalSection(ProjectConfigurationPlatforms) = postSolution
		{92844902-259F-4BBB-8842-ECA58B490D20}.Debug|Any CPU.ActiveCfg = Debug|Any CPU
		{92844902-259F-4BBB-8842-ECA58B490D20}.Debug|Any CPU.Build.0 = Debug|Any CPU
		{92844902-259F-4BBB-8842-ECA58B490D20}.Release|Any CPU.ActiveCfg = Release|Any CPU
		{92844902-259F-4BBB-8842-ECA58B490D20}.Release|Any CPU.Build.0 = Release|Any CPU
		{2292BF95-52D4-4E19-95F5-97041B706821}.Debug|Any CPU.ActiveCfg = Debug|Any CPU
		{2292BF95-52D4-4E19-95F5-97041B706821}.Debug|Any CPU.Build.0 = Debug|Any CPU
		{2292BF95-52D4-4E19-95F5-97041B706821}.Release|Any CPU.ActiveCfg = Release|Any CPU
		{2292BF95-52D4-4E19-95F5-97041B706821}.Release|Any CPU.Build.0 = Release|Any CPU
	EndGlobalSection
EndGlobal
